// !$*UTF8*$!
{
	archiveVersion = 1;
	classes = {
	};
	objectVersion = 56;
	objects = {

/* Begin PBXBuildFile section */
		C7F7F80D2B9CF9D7007303E0 /* AppDelegate.swift in Sources */ = {isa = PBXBuildFile; fileRef = C7F7F80C2B9CF9D7007303E0 /* AppDelegate.swift */; };
		C7F7F80F2B9CF9D7007303E0 /* SceneDelegate.swift in Sources */ = {isa = PBXBuildFile; fileRef = C7F7F80E2B9CF9D7007303E0 /* SceneDelegate.swift */; };
		C7F7F8112B9CF9D7007303E0 /* ViewController.swift in Sources */ = {isa = PBXBuildFile; fileRef = C7F7F8102B9CF9D7007303E0 /* ViewController.swift */; };
		C7F7F8142B9CF9D7007303E0 /* Main.storyboard in Resources */ = {isa = PBXBuildFile; fileRef = C7F7F8122B9CF9D7007303E0 /* Main.storyboard */; };
		C7F7F8172B9CF9D7007303E0 /* Yash_Khatri_MT_8959074.xcdatamodeld in Sources */ = {isa = PBXBuildFile; fileRef = C7F7F8152B9CF9D7007303E0 /* Yash_Khatri_MT_8959074.xcdatamodeld */; };
		C7F7F8192B9CF9D8007303E0 /* Assets.xcassets in Resources */ = {isa = PBXBuildFile; fileRef = C7F7F8182B9CF9D8007303E0 /* Assets.xcassets */; };
		C7F7F81C2B9CF9D8007303E0 /* LaunchScreen.storyboard in Resources */ = {isa = PBXBuildFile; fileRef = C7F7F81A2B9CF9D8007303E0 /* LaunchScreen.storyboard */; };
		C7F7F8272B9CF9D8007303E0 /* Yash_Khatri_MT_8959074Tests.swift in Sources */ = {isa = PBXBuildFile; fileRef = C7F7F8262B9CF9D8007303E0 /* Yash_Khatri_MT_8959074Tests.swift */; };
		C7F7F8312B9CF9D8007303E0 /* Yash_Khatri_MT_8959074UITests.swift in Sources */ = {isa = PBXBuildFile; fileRef = C7F7F8302B9CF9D8007303E0 /* Yash_Khatri_MT_8959074UITests.swift */; };
		C7F7F8332B9CF9D8007303E0 /* Yash_Khatri_MT_8959074UITestsLaunchTests.swift in Sources */ = {isa = PBXBuildFile; fileRef = C7F7F8322B9CF9D8007303E0 /* Yash_Khatri_MT_8959074UITestsLaunchTests.swift */; };
/* End PBXBuildFile section */

/* Begin PBXContainerItemProxy section */
		C7F7F8232B9CF9D8007303E0 /* PBXContainerItemProxy */ = {
			isa = PBXContainerItemProxy;
			containerPortal = C7F7F8012B9CF9D7007303E0 /* Project object */;
			proxyType = 1;
			remoteGlobalIDString = C7F7F8082B9CF9D7007303E0;
			remoteInfo = Yash_Khatri_MT_8959074;
		};
		C7F7F82D2B9CF9D8007303E0 /* PBXContainerItemProxy */ = {
			isa = PBXContainerItemProxy;
			containerPortal = C7F7F8012B9CF9D7007303E0 /* Project object */;
			proxyType = 1;
			remoteGlobalIDString = C7F7F8082B9CF9D7007303E0;
			remoteInfo = Yash_Khatri_MT_8959074;
		};
/* End PBXContainerItemProxy section */

/* Begin PBXFileReference section */
		C7F7F8092B9CF9D7007303E0 /* Yash_Khatri_MT_8959074.app */ = {isa = PBXFileReference; explicitFileType = wrapper.application; includeInIndex = 0; path = Yash_Khatri_MT_8959074.app; sourceTree = BUILT_PRODUCTS_DIR; };
		C7F7F80C2B9CF9D7007303E0 /* AppDelegate.swift */ = {isa = PBXFileReference; lastKnownFileType = sourcecode.swift; path = AppDelegate.swift; sourceTree = "<group>"; };
		C7F7F80E2B9CF9D7007303E0 /* SceneDelegate.swift */ = {isa = PBXFileReference; lastKnownFileType = sourcecode.swift; path = SceneDelegate.swift; sourceTree = "<group>"; };
		C7F7F8102B9CF9D7007303E0 /* ViewController.swift */ = {isa = PBXFileReference; lastKnownFileType = sourcecode.swift; path = ViewController.swift; sourceTree = "<group>"; };
		C7F7F8132B9CF9D7007303E0 /* Base */ = {isa = PBXFileReference; lastKnownFileType = file.storyboard; name = Base; path = Base.lproj/Main.storyboard; sourceTree = "<group>"; };
		C7F7F8162B9CF9D7007303E0 /* Yash_Khatri_MT_8959074.xcdatamodel */ = {isa = PBXFileReference; lastKnownFileType = wrapper.xcdatamodel; path = Yash_Khatri_MT_8959074.xcdatamodel; sourceTree = "<group>"; };
		C7F7F8182B9CF9D8007303E0 /* Assets.xcassets */ = {isa = PBXFileReference; lastKnownFileType = folder.assetcatalog; path = Assets.xcassets; sourceTree = "<group>"; };
		C7F7F81B2B9CF9D8007303E0 /* Base */ = {isa = PBXFileReference; lastKnownFileType = file.storyboard; name = Base; path = Base.lproj/LaunchScreen.storyboard; sourceTree = "<group>"; };
		C7F7F81D2B9CF9D8007303E0 /* Info.plist */ = {isa = PBXFileReference; lastKnownFileType = text.plist.xml; path = Info.plist; sourceTree = "<group>"; };
		C7F7F8222B9CF9D8007303E0 /* Yash_Khatri_MT_8959074Tests.xctest */ = {isa = PBXFileReference; explicitFileType = wrapper.cfbundle; includeInIndex = 0; path = Yash_Khatri_MT_8959074Tests.xctest; sourceTree = BUILT_PRODUCTS_DIR; };
		C7F7F8262B9CF9D8007303E0 /* Yash_Khatri_MT_8959074Tests.swift */ = {isa = PBXFileReference; lastKnownFileType = sourcecode.swift; path = Yash_Khatri_MT_8959074Tests.swift; sourceTree = "<group>"; };
		C7F7F82C2B9CF9D8007303E0 /* Yash_Khatri_MT_8959074UITests.xctest */ = {isa = PBXFileReference; explicitFileType = wrapper.cfbundle; includeInIndex = 0; path = Yash_Khatri_MT_8959074UITests.xctest; sourceTree = BUILT_PRODUCTS_DIR; };
		C7F7F8302B9CF9D8007303E0 /* Yash_Khatri_MT_8959074UITests.swift */ = {isa = PBXFileReference; lastKnownFileType = sourcecode.swift; path = Yash_Khatri_MT_8959074UITests.swift; sourceTree = "<group>"; };
		C7F7F8322B9CF9D8007303E0 /* Yash_Khatri_MT_8959074UITestsLaunchTests.swift */ = {isa = PBXFileReference; lastKnownFileType = sourcecode.swift; path = Yash_Khatri_MT_8959074UITestsLaunchTests.swift; sourceTree = "<group>"; };
/* End PBXFileReference section */

/* Begin PBXFrameworksBuildPhase section */
		C7F7F8062B9CF9D7007303E0 /* Frameworks */ = {
			isa = PBXFrameworksBuildPhase;
			buildActionMask = 2147483647;
			files = (
			);
			runOnlyForDeploymentPostprocessing = 0;
		};
		C7F7F81F2B9CF9D8007303E0 /* Frameworks */ = {
			isa = PBXFrameworksBuildPhase;
			buildActionMask = 2147483647;
			files = (
			);
			runOnlyForDeploymentPostprocessing = 0;
		};
		C7F7F8292B9CF9D8007303E0 /* Frameworks */ = {
			isa = PBXFrameworksBuildPhase;
			buildActionMask = 2147483647;
			files = (
			);
			runOnlyForDeploymentPostprocessing = 0;
		};
/* End PBXFrameworksBuildPhase section */

/* Begin PBXGroup section */
		C7F7F8002B9CF9D7007303E0 = {
			isa = PBXGroup;
			children = (
				C7F7F80B2B9CF9D7007303E0 /* Yash_Khatri_MT_8959074 */,
				C7F7F8252B9CF9D8007303E0 /* Yash_Khatri_MT_8959074Tests */,
				C7F7F82F2B9CF9D8007303E0 /* Yash_Khatri_MT_8959074UITests */,
				C7F7F80A2B9CF9D7007303E0 /* Products */,
			);
			sourceTree = "<group>";
		};
		C7F7F80A2B9CF9D7007303E0 /* Products */ = {
			isa = PBXGroup;
			children = (
				C7F7F8092B9CF9D7007303E0 /* Yash_Khatri_MT_8959074.app */,
				C7F7F8222B9CF9D8007303E0 /* Yash_Khatri_MT_8959074Tests.xctest */,
				C7F7F82C2B9CF9D8007303E0 /* Yash_Khatri_MT_8959074UITests.xctest */,
			);
			name = Products;
			sourceTree = "<group>";
		};
		C7F7F80B2B9CF9D7007303E0 /* Yash_Khatri_MT_8959074 */ = {
			isa = PBXGroup;
			children = (
				C7F7F80C2B9CF9D7007303E0 /* AppDelegate.swift */,
				C7F7F80E2B9CF9D7007303E0 /* SceneDelegate.swift */,
				C7F7F8102B9CF9D7007303E0 /* ViewController.swift */,
				C7F7F8122B9CF9D7007303E0 /* Main.storyboard */,
				C7F7F8182B9CF9D8007303E0 /* Assets.xcassets */,
				C7F7F81A2B9CF9D8007303E0 /* LaunchScreen.storyboard */,
				C7F7F81D2B9CF9D8007303E0 /* Info.plist */,
				C7F7F8152B9CF9D7007303E0 /* Yash_Khatri_MT_8959074.xcdatamodeld */,
			);
			path = Yash_Khatri_MT_8959074;
			sourceTree = "<group>";
		};
		C7F7F8252B9CF9D8007303E0 /* Yash_Khatri_MT_8959074Tests */ = {
			isa = PBXGroup;
			children = (
				C7F7F8262B9CF9D8007303E0 /* Yash_Khatri_MT_8959074Tests.swift */,
			);
			path = Yash_Khatri_MT_8959074Tests;
			sourceTree = "<group>";
		};
		C7F7F82F2B9CF9D8007303E0 /* Yash_Khatri_MT_8959074UITests */ = {
			isa = PBXGroup;
			children = (
				C7F7F8302B9CF9D8007303E0 /* Yash_Khatri_MT_8959074UITests.swift */,
				C7F7F8322B9CF9D8007303E0 /* Yash_Khatri_MT_8959074UITestsLaunchTests.swift */,
			);
			path = Yash_Khatri_MT_8959074UITests;
			sourceTree = "<group>";
		};
/* End PBXGroup section */

/* Begin PBXNativeTarget section */
		C7F7F8082B9CF9D7007303E0 /* Yash_Khatri_MT_8959074 */ = {
			isa = PBXNativeTarget;
			buildConfigurationList = C7F7F8362B9CF9D8007303E0 /* Build configuration list for PBXNativeTarget "Yash_Khatri_MT_8959074" */;
			buildPhases = (
				C7F7F8052B9CF9D7007303E0 /* Sources */,
				C7F7F8062B9CF9D7007303E0 /* Frameworks */,
				C7F7F8072B9CF9D7007303E0 /* Resources */,
			);
			buildRules = (
			);
			dependencies = (
			);
			name = Yash_Khatri_MT_8959074;
			productName = Yash_Khatri_MT_8959074;
			productReference = C7F7F8092B9CF9D7007303E0 /* Yash_Khatri_MT_8959074.app */;
			productType = "com.apple.product-type.application";
		};
		C7F7F8212B9CF9D8007303E0 /* Yash_Khatri_MT_8959074Tests */ = {
			isa = PBXNativeTarget;
			buildConfigurationList = C7F7F8392B9CF9D8007303E0 /* Build configuration list for PBXNativeTarget "Yash_Khatri_MT_8959074Tests" */;
			buildPhases = (
				C7F7F81E2B9CF9D8007303E0 /* Sources */,
				C7F7F81F2B9CF9D8007303E0 /* Frameworks */,
				C7F7F8202B9CF9D8007303E0 /* Resources */,
			);
			buildRules = (
			);
			dependencies = (
				C7F7F8242B9CF9D8007303E0 /* PBXTargetDependency */,
			);
			name = Yash_Khatri_MT_8959074Tests;
			productName = Yash_Khatri_MT_8959074Tests;
			productReference = C7F7F8222B9CF9D8007303E0 /* Yash_Khatri_MT_8959074Tests.xctest */;
			productType = "com.apple.product-type.bundle.unit-test";
		};
		C7F7F82B2B9CF9D8007303E0 /* Yash_Khatri_MT_8959074UITests */ = {
			isa = PBXNativeTarget;
			buildConfigurationList = C7F7F83C2B9CF9D8007303E0 /* Build configuration list for PBXNativeTarget "Yash_Khatri_MT_8959074UITests" */;
			buildPhases = (
				C7F7F8282B9CF9D8007303E0 /* Sources */,
				C7F7F8292B9CF9D8007303E0 /* Frameworks */,
				C7F7F82A2B9CF9D8007303E0 /* Resources */,
			);
			buildRules = (
			);
			dependencies = (
				C7F7F82E2B9CF9D8007303E0 /* PBXTargetDependency */,
			);
			name = Yash_Khatri_MT_8959074UITests;
			productName = Yash_Khatri_MT_8959074UITests;
			productReference = C7F7F82C2B9CF9D8007303E0 /* Yash_Khatri_MT_8959074UITests.xctest */;
			productType = "com.apple.product-type.bundle.ui-testing";
		};
/* End PBXNativeTarget section */

/* Begin PBXProject section */
		C7F7F8012B9CF9D7007303E0 /* Project object */ = {
			isa = PBXProject;
			attributes = {
				BuildIndependentTargetsInParallel = 1;
				LastSwiftUpdateCheck = 1420;
				LastUpgradeCheck = 1420;
				TargetAttributes = {
					C7F7F8082B9CF9D7007303E0 = {
						CreatedOnToolsVersion = 14.2;
					};
					C7F7F8212B9CF9D8007303E0 = {
						CreatedOnToolsVersion = 14.2;
						TestTargetID = C7F7F8082B9CF9D7007303E0;
					};
					C7F7F82B2B9CF9D8007303E0 = {
						CreatedOnToolsVersion = 14.2;
						TestTargetID = C7F7F8082B9CF9D7007303E0;
					};
				};
			};
			buildConfigurationList = C7F7F8042B9CF9D7007303E0 /* Build configuration list for PBXProject "Yash_Khatri_MT_8959074" */;
			compatibilityVersion = "Xcode 14.0";
			developmentRegion = en;
			hasScannedForEncodings = 0;
			knownRegions = (
				en,
				Base,
			);
			mainGroup = C7F7F8002B9CF9D7007303E0;
			productRefGroup = C7F7F80A2B9CF9D7007303E0 /* Products */;
			projectDirPath = "";
			projectRoot = "";
			targets = (
				C7F7F8082B9CF9D7007303E0 /* Yash_Khatri_MT_8959074 */,
				C7F7F8212B9CF9D8007303E0 /* Yash_Khatri_MT_8959074Tests */,
				C7F7F82B2B9CF9D8007303E0 /* Yash_Khatri_MT_8959074UITests */,
			);
		};
/* End PBXProject section */

/* Begin PBXResourcesBuildPhase section */
		C7F7F8072B9CF9D7007303E0 /* Resources */ = {
			isa = PBXResourcesBuildPhase;
			buildActionMask = 2147483647;
			files = (
				C7F7F81C2B9CF9D8007303E0 /* LaunchScreen.storyboard in Resources */,
				C7F7F8192B9CF9D8007303E0 /* Assets.xcassets in Resources */,
				C7F7F8142B9CF9D7007303E0 /* Main.storyboard in Resources */,
			);
			runOnlyForDeploymentPostprocessing = 0;
		};
		C7F7F8202B9CF9D8007303E0 /* Resources */ = {
			isa = PBXResourcesBuildPhase;
			buildActionMask = 2147483647;
			files = (
			);
			runOnlyForDeploymentPostprocessing = 0;
		};
		C7F7F82A2B9CF9D8007303E0 /* Resources */ = {
			isa = PBXResourcesBuildPhase;
			buildActionMask = 2147483647;
			files = (
			);
			runOnlyForDeploymentPostprocessing = 0;
		};
/* End PBXResourcesBuildPhase section */

/* Begin PBXSourcesBuildPhase section */
		C7F7F8052B9CF9D7007303E0 /* Sources */ = {
			isa = PBXSourcesBuildPhase;
			buildActionMask = 2147483647;
			files = (
				C7F7F8112B9CF9D7007303E0 /* ViewController.swift in Sources */,
				C7F7F80D2B9CF9D7007303E0 /* AppDelegate.swift in Sources */,
				C7F7F80F2B9CF9D7007303E0 /* SceneDelegate.swift in Sources */,
				C7F7F8172B9CF9D7007303E0 /* Yash_Khatri_MT_8959074.xcdatamodeld in Sources */,
			);
			runOnlyForDeploymentPostprocessing = 0;
		};
		C7F7F81E2B9CF9D8007303E0 /* Sources */ = {
			isa = PBXSourcesBuildPhase;
			buildActionMask = 2147483647;
			files = (
				C7F7F8272B9CF9D8007303E0 /* Yash_Khatri_MT_8959074Tests.swift in Sources */,
			);
			runOnlyForDeploymentPostprocessing = 0;
		};
		C7F7F8282B9CF9D8007303E0 /* Sources */ = {
			isa = PBXSourcesBuildPhase;
			buildActionMask = 2147483647;
			files = (
				C7F7F8332B9CF9D8007303E0 /* Yash_Khatri_MT_8959074UITestsLaunchTests.swift in Sources */,
				C7F7F8312B9CF9D8007303E0 /* Yash_Khatri_MT_8959074UITests.swift in Sources */,
			);
			runOnlyForDeploymentPostprocessing = 0;
		};
/* End PBXSourcesBuildPhase section */

/* Begin PBXTargetDependency section */
		C7F7F8242B9CF9D8007303E0 /* PBXTargetDependency */ = {
			isa = PBXTargetDependency;
			target = C7F7F8082B9CF9D7007303E0 /* Yash_Khatri_MT_8959074 */;
			targetProxy = C7F7F8232B9CF9D8007303E0 /* PBXContainerItemProxy */;
		};
		C7F7F82E2B9CF9D8007303E0 /* PBXTargetDependency */ = {
			isa = PBXTargetDependency;
			target = C7F7F8082B9CF9D7007303E0 /* Yash_Khatri_MT_8959074 */;
			targetProxy = C7F7F82D2B9CF9D8007303E0 /* PBXContainerItemProxy */;
		};
/* End PBXTargetDependency section */

/* Begin PBXVariantGroup section */
		C7F7F8122B9CF9D7007303E0 /* Main.storyboard */ = {
			isa = PBXVariantGroup;
			children = (
				C7F7F8132B9CF9D7007303E0 /* Base */,
			);
			name = Main.storyboard;
			sourceTree = "<group>";
		};
		C7F7F81A2B9CF9D8007303E0 /* LaunchScreen.storyboard */ = {
			isa = PBXVariantGroup;
			children = (
				C7F7F81B2B9CF9D8007303E0 /* Base */,
			);
			name = LaunchScreen.storyboard;
			sourceTree = "<group>";
		};
/* End PBXVariantGroup section */

/* Begin XCBuildConfiguration section */
		C7F7F8342B9CF9D8007303E0 /* Debug */ = {
			isa = XCBuildConfiguration;
			buildSettings = {
				ALWAYS_SEARCH_USER_PATHS = NO;
				CLANG_ANALYZER_NONNULL = YES;
				CLANG_ANALYZER_NUMBER_OBJECT_CONVERSION = YES_AGGRESSIVE;
				CLANG_CXX_LANGUAGE_STANDARD = "gnu++20";
				CLANG_ENABLE_MODULES = YES;
				CLANG_ENABLE_OBJC_ARC = YES;
				CLANG_ENABLE_OBJC_WEAK = YES;
				CLANG_WARN_BLOCK_CAPTURE_AUTORELEASING = YES;
				CLANG_WARN_BOOL_CONVERSION = YES;
				CLANG_WARN_COMMA = YES;
				CLANG_WARN_CONSTANT_CONVERSION = YES;
				CLANG_WARN_DEPRECATED_OBJC_IMPLEMENTATIONS = YES;
				CLANG_WARN_DIRECT_OBJC_ISA_USAGE = YES_ERROR;
				CLANG_WARN_DOCUMENTATION_COMMENTS = YES;
				CLANG_WARN_EMPTY_BODY = YES;
				CLANG_WARN_ENUM_CONVERSION = YES;
				CLANG_WARN_INFINITE_RECURSION = YES;
				CLANG_WARN_INT_CONVERSION = YES;
				CLANG_WARN_NON_LITERAL_NULL_CONVERSION = YES;
				CLANG_WARN_OBJC_IMPLICIT_RETAIN_SELF = YES;
				CLANG_WARN_OBJC_LITERAL_CONVERSION = YES;
				CLANG_WARN_OBJC_ROOT_CLASS = YES_ERROR;
				CLANG_WARN_QUOTED_INCLUDE_IN_FRAMEWORK_HEADER = YES;
				CLANG_WARN_RANGE_LOOP_ANALYSIS = YES;
				CLANG_WARN_STRICT_PROTOTYPES = YES;
				CLANG_WARN_SUSPICIOUS_MOVE = YES;
				CLANG_WARN_UNGUARDED_AVAILABILITY = YES_AGGRESSIVE;
				CLANG_WARN_UNREACHABLE_CODE = YES;
				CLANG_WARN__DUPLICATE_METHOD_MATCH = YES;
				COPY_PHASE_STRIP = NO;
				DEBUG_INFORMATION_FORMAT = dwarf;
				ENABLE_STRICT_OBJC_MSGSEND = YES;
				ENABLE_TESTABILITY = YES;
				GCC_C_LANGUAGE_STANDARD = gnu11;
				GCC_DYNAMIC_NO_PIC = NO;
				GCC_NO_COMMON_BLOCKS = YES;
				GCC_OPTIMIZATION_LEVEL = 0;
				GCC_PREPROCESSOR_DEFINITIONS = (
					"DEBUG=1",
					"$(inherited)",
				);
				GCC_WARN_64_TO_32_BIT_CONVERSION = YES;
				GCC_WARN_ABOUT_RETURN_TYPE = YES_ERROR;
				GCC_WARN_UNDECLARED_SELECTOR = YES;
				GCC_WARN_UNINITIALIZED_AUTOS = YES_AGGRESSIVE;
				GCC_WARN_UNUSED_FUNCTION = YES;
				GCC_WARN_UNUSED_VARIABLE = YES;
				IPHONEOS_DEPLOYMENT_TARGET = 16.2;
				MTL_ENABLE_DEBUG_INFO = INCLUDE_SOURCE;
				MTL_FAST_MATH = YES;
				ONLY_ACTIVE_ARCH = YES;
				SDKROOT = iphoneos;
				SWIFT_ACTIVE_COMPILATION_CONDITIONS = DEBUG;
				SWIFT_OPTIMIZATION_LEVEL = "-Onone";
			};
			name = Debug;
		};
		C7F7F8352B9CF9D8007303E0 /* Release */ = {
			isa = XCBuildConfiguration;
			buildSettings = {
				ALWAYS_SEARCH_USER_PATHS = NO;
				CLANG_ANALYZER_NONNULL = YES;
				CLANG_ANALYZER_NUMBER_OBJECT_CONVERSION = YES_AGGRESSIVE;
				CLANG_CXX_LANGUAGE_STANDARD = "gnu++20";
				CLANG_ENABLE_MODULES = YES;
				CLANG_ENABLE_OBJC_ARC = YES;
				CLANG_ENABLE_OBJC_WEAK = YES;
				CLANG_WARN_BLOCK_CAPTURE_AUTORELEASING = YES;
				CLANG_WARN_BOOL_CONVERSION = YES;
				CLANG_WARN_COMMA = YES;
				CLANG_WARN_CONSTANT_CONVERSION = YES;
				CLANG_WARN_DEPRECATED_OBJC_IMPLEMENTATIONS = YES;
				CLANG_WARN_DIRECT_OBJC_ISA_USAGE = YES_ERROR;
				CLANG_WARN_DOCUMENTATION_COMMENTS = YES;
				CLANG_WARN_EMPTY_BODY = YES;
				CLANG_WARN_ENUM_CONVERSION = YES;
				CLANG_WARN_INFINITE_RECURSION = YES;
				CLANG_WARN_INT_CONVERSION = YES;
				CLANG_WARN_NON_LITERAL_NULL_CONVERSION = YES;
				CLANG_WARN_OBJC_IMPLICIT_RETAIN_SELF = YES;
				CLANG_WARN_OBJC_LITERAL_CONVERSION = YES;
				CLANG_WARN_OBJC_ROOT_CLASS = YES_ERROR;
				CLANG_WARN_QUOTED_INCLUDE_IN_FRAMEWORK_HEADER = YES;
				CLANG_WARN_RANGE_LOOP_ANALYSIS = YES;
				CLANG_WARN_STRICT_PROTOTYPES = YES;
				CLANG_WARN_SUSPICIOUS_MOVE = YES;
				CLANG_WARN_UNGUARDED_AVAILABILITY = YES_AGGRESSIVE;
				CLANG_WARN_UNREACHABLE_CODE = YES;
				CLANG_WARN__DUPLICATE_METHOD_MATCH = YES;
				COPY_PHASE_STRIP = NO;
				DEBUG_INFORMATION_FORMAT = "dwarf-with-dsym";
				ENABLE_NS_ASSERTIONS = NO;
				ENABLE_STRICT_OBJC_MSGSEND = YES;
				GCC_C_LANGUAGE_STANDARD = gnu11;
				GCC_NO_COMMON_BLOCKS = YES;
				GCC_WARN_64_TO_32_BIT_CONVERSION = YES;
				GCC_WARN_ABOUT_RETURN_TYPE = YES_ERROR;
				GCC_WARN_UNDECLARED_SELECTOR = YES;
				GCC_WARN_UNINITIALIZED_AUTOS = YES_AGGRESSIVE;
				GCC_WARN_UNUSED_FUNCTION = YES;
				GCC_WARN_UNUSED_VARIABLE = YES;
				IPHONEOS_DEPLOYMENT_TARGET = 16.2;
				MTL_ENABLE_DEBUG_INFO = NO;
				MTL_FAST_MATH = YES;
				SDKROOT = iphoneos;
				SWIFT_COMPILATION_MODE = wholemodule;
				SWIFT_OPTIMIZATION_LEVEL = "-O";
				VALIDATE_PRODUCT = YES;
			};
			name = Release;
		};
		C7F7F8372B9CF9D8007303E0 /* Debug */ = {
			isa = XCBuildConfiguration;
			buildSettings = {
				ASSETCATALOG_COMPILER_APPICON_NAME = AppIcon;
				ASSETCATALOG_COMPILER_GLOBAL_ACCENT_COLOR_NAME = AccentColor;
				CODE_SIGN_STYLE = Automatic;
				CURRENT_PROJECT_VERSION = 1;
				GENERATE_INFOPLIST_FILE = YES;
				INFOPLIST_FILE = Yash_Khatri_MT_8959074/Info.plist;
				INFOPLIST_KEY_UIApplicationSupportsIndirectInputEvents = YES;
				INFOPLIST_KEY_UILaunchStoryboardName = LaunchScreen;
				INFOPLIST_KEY_UIMainStoryboardFile = Main;
				INFOPLIST_KEY_UISupportedInterfaceOrientations_iPad = "UIInterfaceOrientationPortrait UIInterfaceOrientationPortraitUpsideDown UIInterfaceOrientationLandscapeLeft UIInterfaceOrientationLandscapeRight";
				INFOPLIST_KEY_UISupportedInterfaceOrientations_iPhone = "UIInterfaceOrientationPortrait UIInterfaceOrientationLandscapeLeft UIInterfaceOrientationLandscapeRight";
				LD_RUNPATH_SEARCH_PATHS = (
					"$(inherited)",
					"@executable_path/Frameworks",
				);
				MARKETING_VERSION = 1.0;
				PRODUCT_BUNDLE_IDENTIFIER = "com.conestoga.Yash-Khatri-MT-8959074";
				PRODUCT_NAME = "$(TARGET_NAME)";
				SWIFT_EMIT_LOC_STRINGS = YES;
				SWIFT_VERSION = 5.0;
				TARGETED_DEVICE_FAMILY = "1,2";
			};
			name = Debug;
		};
		C7F7F8382B9CF9D8007303E0 /* Release */ = {
			isa = XCBuildConfiguration;
			buildSettings = {
				ASSETCATALOG_COMPILER_APPICON_NAME = AppIcon;
				ASSETCATALOG_COMPILER_GLOBAL_ACCENT_COLOR_NAME = AccentColor;
				CODE_SIGN_STYLE = Automatic;
				CURRENT_PROJECT_VERSION = 1;
				GENERATE_INFOPLIST_FILE = YES;
				INFOPLIST_FILE = Yash_Khatri_MT_8959074/Info.plist;
				INFOPLIST_KEY_UIApplicationSupportsIndirectInputEvents = YES;
				INFOPLIST_KEY_UILaunchStoryboardName = LaunchScreen;
				INFOPLIST_KEY_UIMainStoryboardFile = Main;
				INFOPLIST_KEY_UISupportedInterfaceOrientations_iPad = "UIInterfaceOrientationPortrait UIInterfaceOrientationPortraitUpsideDown UIInterfaceOrientationLandscapeLeft UIInterfaceOrientationLandscapeRight";
				INFOPLIST_KEY_UISupportedInterfaceOrientations_iPhone = "UIInterfaceOrientationPortrait UIInterfaceOrientationLandscapeLeft UIInterfaceOrientationLandscapeRight";
				LD_RUNPATH_SEARCH_PATHS = (
					"$(inherited)",
					"@executable_path/Frameworks",
				);
				MARKETING_VERSION = 1.0;
				PRODUCT_BUNDLE_IDENTIFIER = "com.conestoga.Yash-Khatri-MT-8959074";
				PRODUCT_NAME = "$(TARGET_NAME)";
				SWIFT_EMIT_LOC_STRINGS = YES;
				SWIFT_VERSION = 5.0;
				TARGETED_DEVICE_FAMILY = "1,2";
			};
			name = Release;
		};
		C7F7F83A2B9CF9D8007303E0 /* Debug */ = {
			isa = XCBuildConfiguration;
			buildSettings = {
				ALWAYS_EMBED_SWIFT_STANDARD_LIBRARIES = YES;
				BUNDLE_LOADER = "$(TEST_HOST)";
				CODE_SIGN_STYLE = Automatic;
				CURRENT_PROJECT_VERSION = 1;
				GENERATE_INFOPLIST_FILE = YES;
				IPHONEOS_DEPLOYMENT_TARGET = 16.2;
				MARKETING_VERSION = 1.0;
				PRODUCT_BUNDLE_IDENTIFIER = "com.conestoga.Yash-Khatri-MT-8959074Tests";
				PRODUCT_NAME = "$(TARGET_NAME)";
				SWIFT_EMIT_LOC_STRINGS = NO;
				SWIFT_VERSION = 5.0;
				TARGETED_DEVICE_FAMILY = "1,2";
				TEST_HOST = "$(BUILT_PRODUCTS_DIR)/Yash_Khatri_MT_8959074.app/$(BUNDLE_EXECUTABLE_FOLDER_PATH)/Yash_Khatri_MT_8959074";
			};
			name = Debug;
		};
		C7F7F83B2B9CF9D8007303E0 /* Release */ = {
			isa = XCBuildConfiguration;
			buildSettings = {
				ALWAYS_EMBED_SWIFT_STANDARD_LIBRARIES = YES;
				BUNDLE_LOADER = "$(TEST_HOST)";
				CODE_SIGN_STYLE = Automatic;
				CURRENT_PROJECT_VERSION = 1;
				GENERATE_INFOPLIST_FILE = YES;
				IPHONEOS_DEPLOYMENT_TARGET = 16.2;
				MARKETING_VERSION = 1.0;
				PRODUCT_BUNDLE_IDENTIFIER = "com.conestoga.Yash-Khatri-MT-8959074Tests";
				PRODUCT_NAME = "$(TARGET_NAME)";
				SWIFT_EMIT_LOC_STRINGS = NO;
				SWIFT_VERSION = 5.0;
				TARGETED_DEVICE_FAMILY = "1,2";
				TEST_HOST = "$(BUILT_PRODUCTS_DIR)/Yash_Khatri_MT_8959074.app/$(BUNDLE_EXECUTABLE_FOLDER_PATH)/Yash_Khatri_MT_8959074";
			};
			name = Release;
		};
		C7F7F83D2B9CF9D8007303E0 /* Debug */ = {
			isa = XCBuildConfiguration;
			buildSettings = {
				ALWAYS_EMBED_SWIFT_STANDARD_LIBRARIES = YES;
				CODE_SIGN_STYLE = Automatic;
				CURRENT_PROJECT_VERSION = 1;
				GENERATE_INFOPLIST_FILE = YES;
				MARKETING_VERSION = 1.0;
				PRODUCT_BUNDLE_IDENTIFIER = "com.conestoga.Yash-Khatri-MT-8959074UITests";
				PRODUCT_NAME = "$(TARGET_NAME)";
				SWIFT_EMIT_LOC_STRINGS = NO;
				SWIFT_VERSION = 5.0;
				TARGETED_DEVICE_FAMILY = "1,2";
				TEST_TARGET_NAME = Yash_Khatri_MT_8959074;
			};
			name = Debug;
		};
		C7F7F83E2B9CF9D8007303E0 /* Release */ = {
			isa = XCBuildConfiguration;
			buildSettings = {
				ALWAYS_EMBED_SWIFT_STANDARD_LIBRARIES = YES;
				CODE_SIGN_STYLE = Automatic;
				CURRENT_PROJECT_VERSION = 1;
				GENERATE_INFOPLIST_FILE = YES;
				MARKETING_VERSION = 1.0;
				PRODUCT_BUNDLE_IDENTIFIER = "com.conestoga.Yash-Khatri-MT-8959074UITests";
				PRODUCT_NAME = "$(TARGET_NAME)";
				SWIFT_EMIT_LOC_STRINGS = NO;
				SWIFT_VERSION = 5.0;
				TARGETED_DEVICE_FAMILY = "1,2";
				TEST_TARGET_NAME = Yash_Khatri_MT_8959074;
			};
			name = Release;
		};
/* End XCBuildConfiguration section */

/* Begin XCConfigurationList section */
		C7F7F8042B9CF9D7007303E0 /* Build configuration list for PBXProject "Yash_Khatri_MT_8959074" */ = {
			isa = XCConfigurationList;
			buildConfigurations = (
				C7F7F8342B9CF9D8007303E0 /* Debug */,
				C7F7F8352B9CF9D8007303E0 /* Release */,
			);
			defaultConfigurationIsVisible = 0;
			defaultConfigurationName = Release;
		};
		C7F7F8362B9CF9D8007303E0 /* Build configuration list for PBXNativeTarget "Yash_Khatri_MT_8959074" */ = {
			isa = XCConfigurationList;
			buildConfigurations = (
				C7F7F8372B9CF9D8007303E0 /* Debug */,
				C7F7F8382B9CF9D8007303E0 /* Release */,
			);
			defaultConfigurationIsVisible = 0;
			defaultConfigurationName = Release;
		};
		C7F7F8392B9CF9D8007303E0 /* Build configuration list for PBXNativeTarget "Yash_Khatri_MT_8959074Tests" */ = {
			isa = XCConfigurationList;
			buildConfigurations = (
				C7F7F83A2B9CF9D8007303E0 /* Debug */,
				C7F7F83B2B9CF9D8007303E0 /* Release */,
			);
			defaultConfigurationIsVisible = 0;
			defaultConfigurationName = Release;
		};
		C7F7F83C2B9CF9D8007303E0 /* Build configuration list for PBXNativeTarget "Yash_Khatri_MT_8959074UITests" */ = {
			isa = XCConfigurationList;
			buildConfigurations = (
				C7F7F83D2B9CF9D8007303E0 /* Debug */,
				C7F7F83E2B9CF9D8007303E0 /* Release */,
			);
			defaultConfigurationIsVisible = 0;
			defaultConfigurationName = Release;
		};
/* End XCConfigurationList section */

/* Begin XCVersionGroup section */
		C7F7F8152B9CF9D7007303E0 /* Yash_Khatri_MT_8959074.xcdatamodeld */ = {
			isa = XCVersionGroup;
			children = (
				C7F7F8162B9CF9D7007303E0 /* Yash_Khatri_MT_8959074.xcdatamodel */,
			);
			currentVersion = C7F7F8162B9CF9D7007303E0 /* Yash_Khatri_MT_8959074.xcdatamodel */;
			path = Yash_Khatri_MT_8959074.xcdatamodeld;
			sourceTree = "<group>";
			versionGroupType = wrapper.xcdatamodel;
		};
/* End XCVersionGroup section */
	};
	rootObject = C7F7F8012B9CF9D7007303E0 /* Project object */;
}
